
Microsoft Visual Studio Solution File, Format Version 12.00
# Visual Studio Version 16
VisualStudioVersion = 16.0.31424.327
MinimumVisualStudioVersion = 10.0.40219.1
Project("{FAE04EC0-301F-11D3-BF4B-00C04F79EFBC}") = "drawingtest", "drawingtest.csproj", "{4FCE875F-7174-4154-8CAC-EDB9E4D26903}"
EndProject
Global
	GlobalSection(SolutionConfigurationPlatforms) = preSolution
		Debug|Any CPU = Debug|Any CPU
		Release|Any CPU = Release|Any CPU
	EndGlobalSection
	GlobalSection(ProjectConfigurationPlatforms) = postSolution
		{4FCE875F-7174-4154-8CAC-EDB9E4D26903}.Debug|Any CPU.ActiveCfg = Debug|Any CPU
		{4FCE875F-7174-4154-8CAC-EDB9E4D26903}.Debug|Any CPU.Build.0 = Debug|Any CPU
		{4FCE875F-7174-4154-8CAC-EDB9E4D26903}.Release|Any CPU.ActiveCfg = Release|Any CPU
		{4FCE875F-7174-4154-8CAC-EDB9E4D26903}.Release|Any CPU.Build.0 = Release|Any CPU
	EndGlobalSection
	GlobalSection(SolutionProperties) = preSolution
		HideSolutionNode = FALSE
	EndGlobalSection
	GlobalSection(ExtensibilityGlobals) = postSolution
		SolutionGuid = {3BC10285-44FA-477B-A440-E803478894E8}
	EndGlobalSection
EndGlobal
